
Microsoft Visual Studio Solution File, Format Version 12.00
# Visual Studio 15
VisualStudioVersion = 15.0.28307.271
MinimumVisualStudioVersion = 10.0.40219.1
Project("{FAE04EC0-301F-11D3-BF4B-00C04F79EFBC}") = "ADPermissions", "ADPermissions\ADPermissions.csproj", "{F76C06B1-F23A-48EB-9589-7A812BC38BE8}"
EndProject
Global
	GlobalSection(SolutionConfigurationPlatforms) = preSolution
		Debug|Any CPU = Debug|Any CPU
		Release|Any CPU = Release|Any CPU
	EndGlobalSection
	GlobalSection(ProjectConfigurationPlatforms) = postSolution
		{F76C06B1-F23A-48EB-9589-7A812BC38BE8}.Debug|Any CPU.ActiveCfg = Debug|Any CPU
		{F76C06B1-F23A-48EB-9589-7A812BC38BE8}.Debug|Any CPU.Build.0 = Debug|Any CPU
		{F76C06B1-F23A-48EB-9589-7A812BC38BE8}.Release|Any CPU.ActiveCfg = Release|Any CPU
		{F76C06B1-F23A-48EB-9589-7A812BC38BE8}.Release|Any CPU.Build.0 = Release|Any CPU
	EndGlobalSection
	GlobalSection(SolutionProperties) = preSolution
		HideSolutionNode = FALSE
	EndGlobalSection
	GlobalSection(ExtensibilityGlobals) = postSolution
		SolutionGuid = {F9C1571C-D913-4AE4-A53E-91C808D0B580}
	EndGlobalSection
EndGlobal
