
Microsoft Visual Studio Solution File, Format Version 12.00
# Visual Studio Version 16
VisualStudioVersion = 16.0.29102.190
MinimumVisualStudioVersion = 10.0.40219.1
Project("{FAE04EC0-301F-11D3-BF4B-00C04F79EFBC}") = "CallingTheGraph", "CallingTheGraph\CallingTheGraph.csproj", "{1EAFD5AF-63E0-46A6-8270-6BF2372528DF}"
EndProject
Global
	GlobalSection(SolutionConfigurationPlatforms) = preSolution
		Debug|Any CPU = Debug|Any CPU
		Release|Any CPU = Release|Any CPU
	EndGlobalSection
	GlobalSection(ProjectConfigurationPlatforms) = postSolution
		{1EAFD5AF-63E0-46A6-8270-6BF2372528DF}.Debug|Any CPU.ActiveCfg = Debug|Any CPU
		{1EAFD5AF-63E0-46A6-8270-6BF2372528DF}.Debug|Any CPU.Build.0 = Debug|Any CPU
		{1EAFD5AF-63E0-46A6-8270-6BF2372528DF}.Release|Any CPU.ActiveCfg = Release|Any CPU
		{1EAFD5AF-63E0-46A6-8270-6BF2372528DF}.Release|Any CPU.Build.0 = Release|Any CPU
	EndGlobalSection
	GlobalSection(SolutionProperties) = preSolution
		HideSolutionNode = FALSE
	EndGlobalSection
	GlobalSection(ExtensibilityGlobals) = postSolution
		SolutionGuid = {C38E3652-45A9-46F8-91E4-02634775912F}
	EndGlobalSection
EndGlobal
