
Microsoft Visual Studio Solution File, Format Version 12.00
# Visual Studio 15
VisualStudioVersion = 15.0.28010.2016
MinimumVisualStudioVersion = 10.0.40219.1
Project("{FAE04EC0-301F-11D3-BF4B-00C04F79EFBC}") = "MyFirstSPApp", "MyFirstSPApp\MyFirstSPApp.csproj", "{93FFC562-3756-4C45-93D0-949F6389A7FD}"
EndProject
Global
	GlobalSection(SolutionConfigurationPlatforms) = preSolution
		Debug|Any CPU = Debug|Any CPU
		Release|Any CPU = Release|Any CPU
	EndGlobalSection
	GlobalSection(ProjectConfigurationPlatforms) = postSolution
		{93FFC562-3756-4C45-93D0-949F6389A7FD}.Debug|Any CPU.ActiveCfg = Debug|Any CPU
		{93FFC562-3756-4C45-93D0-949F6389A7FD}.Debug|Any CPU.Build.0 = Debug|Any CPU
		{93FFC562-3756-4C45-93D0-949F6389A7FD}.Release|Any CPU.ActiveCfg = Release|Any CPU
		{93FFC562-3756-4C45-93D0-949F6389A7FD}.Release|Any CPU.Build.0 = Release|Any CPU
	EndGlobalSection
	GlobalSection(SolutionProperties) = preSolution
		HideSolutionNode = FALSE
	EndGlobalSection
	GlobalSection(ExtensibilityGlobals) = postSolution
		SolutionGuid = {22F801ED-953E-4714-817D-A77408D8C321}
	EndGlobalSection
EndGlobal
