
Microsoft Visual Studio Solution File, Format Version 12.00
# Visual Studio Version 16
VisualStudioVersion = 16.0.29102.190
MinimumVisualStudioVersion = 10.0.40219.1
Project("{FAE04EC0-301F-11D3-BF4B-00C04F79EFBC}") = "MyFirstDurableFunction", "MyFirstDurableFunction.csproj", "{D2CB0ECB-0C25-4CEF-920A-1660B3374D97}"
EndProject
Global
	GlobalSection(SolutionConfigurationPlatforms) = preSolution
		Debug|Any CPU = Debug|Any CPU
		Release|Any CPU = Release|Any CPU
	EndGlobalSection
	GlobalSection(ProjectConfigurationPlatforms) = postSolution
		{D2CB0ECB-0C25-4CEF-920A-1660B3374D97}.Debug|Any CPU.ActiveCfg = Debug|Any CPU
		{D2CB0ECB-0C25-4CEF-920A-1660B3374D97}.Debug|Any CPU.Build.0 = Debug|Any CPU
		{D2CB0ECB-0C25-4CEF-920A-1660B3374D97}.Release|Any CPU.ActiveCfg = Release|Any CPU
		{D2CB0ECB-0C25-4CEF-920A-1660B3374D97}.Release|Any CPU.Build.0 = Release|Any CPU
	EndGlobalSection
	GlobalSection(SolutionProperties) = preSolution
		HideSolutionNode = FALSE
	EndGlobalSection
	GlobalSection(ExtensibilityGlobals) = postSolution
		SolutionGuid = {0A2225C3-135D-46CC-B638-542336F9B431}
	EndGlobalSection
EndGlobal
